// !$*UTF8*$!
{
	archiveVersion = 1;
	classes = {
	};
	objectVersion = 46;
	objects = {

/* Begin PBXBuildFile section */
		39463B2D1CE3EB4D0085C657 /* AppDelegate.swift in Sources */ = {isa = PBXBuildFile; fileRef = 39463B2C1CE3EB4D0085C657 /* AppDelegate.swift */; };
		39463B2F1CE3EB4D0085C657 /* ViewController.swift in Sources */ = {isa = PBXBuildFile; fileRef = 39463B2E1CE3EB4D0085C657 /* ViewController.swift */; };
		39463B321CE3EB4D0085C657 /* Main.storyboard in Resources */ = {isa = PBXBuildFile; fileRef = 39463B301CE3EB4D0085C657 /* Main.storyboard */; };
		39463B351CE3EB4D0085C657 /* Favorite_Movies.xcdatamodeld in Sources */ = {isa = PBXBuildFile; fileRef = 39463B331CE3EB4D0085C657 /* Favorite_Movies.xcdatamodeld */; };
		39463B371CE3EB4D0085C657 /* Assets.xcassets in Resources */ = {isa = PBXBuildFile; fileRef = 39463B361CE3EB4D0085C657 /* Assets.xcassets */; };
		39463B3A1CE3EB4D0085C657 /* LaunchScreen.storyboard in Resources */ = {isa = PBXBuildFile; fileRef = 39463B381CE3EB4D0085C657 /* LaunchScreen.storyboard */; };
		39536C8B1CE6D23400C5D19B /* DisplayVC.swift in Sources */ = {isa = PBXBuildFile; fileRef = 39536C8A1CE6D23400C5D19B /* DisplayVC.swift */; };
		398A0AD61CE42C4300417F97 /* Movie+CoreDataProperties.swift in Sources */ = {isa = PBXBuildFile; fileRef = 398A0AD41CE42C4300417F97 /* Movie+CoreDataProperties.swift */; };
		398A0AD71CE42C4300417F97 /* Movie.swift in Sources */ = {isa = PBXBuildFile; fileRef = 398A0AD51CE42C4300417F97 /* Movie.swift */; };
		398A0AD91CE42D1800417F97 /* AddMovieVC.swift in Sources */ = {isa = PBXBuildFile; fileRef = 398A0AD81CE42D1800417F97 /* AddMovieVC.swift */; };
		398A0ADB1CE42DC300417F97 /* MovieCell.swift in Sources */ = {isa = PBXBuildFile; fileRef = 398A0ADA1CE42DC300417F97 /* MovieCell.swift */; };
/* End PBXBuildFile section */

/* Begin PBXFileReference section */
		39463B291CE3EB4D0085C657 /* Favorite-Movies.app */ = {isa = PBXFileReference; explicitFileType = wrapper.application; includeInIndex = 0; path = "Favorite-Movies.app"; sourceTree = BUILT_PRODUCTS_DIR; };
		39463B2C1CE3EB4D0085C657 /* AppDelegate.swift */ = {isa = PBXFileReference; lastKnownFileType = sourcecode.swift; path = AppDelegate.swift; sourceTree = "<group>"; };
		39463B2E1CE3EB4D0085C657 /* ViewController.swift */ = {isa = PBXFileReference; lastKnownFileType = sourcecode.swift; path = ViewController.swift; sourceTree = "<group>"; };
		39463B311CE3EB4D0085C657 /* Base */ = {isa = PBXFileReference; lastKnownFileType = file.storyboard; name = Base; path = Base.lproj/Main.storyboard; sourceTree = "<group>"; };
		39463B341CE3EB4D0085C657 /* Favorite_Movies.xcdatamodel */ = {isa = PBXFileReference; lastKnownFileType = wrapper.xcdatamodel; path = Favorite_Movies.xcdatamodel; sourceTree = "<group>"; };
		39463B361CE3EB4D0085C657 /* Assets.xcassets */ = {isa = PBXFileReference; lastKnownFileType = folder.assetcatalog; path = Assets.xcassets; sourceTree = "<group>"; };
		39463B391CE3EB4D0085C657 /* Base */ = {isa = PBXFileReference; lastKnownFileType = file.storyboard; name = Base; path = Base.lproj/LaunchScreen.storyboard; sourceTree = "<group>"; };
		39463B3B1CE3EB4D0085C657 /* Info.plist */ = {isa = PBXFileReference; lastKnownFileType = text.plist.xml; path = Info.plist; sourceTree = "<group>"; };
		39536C8A1CE6D23400C5D19B /* DisplayVC.swift */ = {isa = PBXFileReference; fileEncoding = 4; lastKnownFileType = sourcecode.swift; path = DisplayVC.swift; sourceTree = "<group>"; };
		398A0AD41CE42C4300417F97 /* Movie+CoreDataProperties.swift */ = {isa = PBXFileReference; fileEncoding = 4; lastKnownFileType = sourcecode.swift; name = "Movie+CoreDataProperties.swift"; path = "../Movie+CoreDataProperties.swift"; sourceTree = "<group>"; };
		398A0AD51CE42C4300417F97 /* Movie.swift */ = {isa = PBXFileReference; fileEncoding = 4; lastKnownFileType = sourcecode.swift; name = Movie.swift; path = ../Movie.swift; sourceTree = "<group>"; };
		398A0AD81CE42D1800417F97 /* AddMovieVC.swift */ = {isa = PBXFileReference; fileEncoding = 4; lastKnownFileType = sourcecode.swift; name = AddMovieVC.swift; path = ../AddMovieVC.swift; sourceTree = "<group>"; };
		398A0ADA1CE42DC300417F97 /* MovieCell.swift */ = {isa = PBXFileReference; fileEncoding = 4; lastKnownFileType = sourcecode.swift; path = MovieCell.swift; sourceTree = "<group>"; };
/* End PBXFileReference section */

/* Begin PBXFrameworksBuildPhase section */
		39463B261CE3EB4C0085C657 /* Frameworks */ = {
			isa = PBXFrameworksBuildPhase;
			buildActionMask = 2147483647;
			files = (
			);
			runOnlyForDeploymentPostprocessing = 0;
		};
/* End PBXFrameworksBuildPhase section */

/* Begin PBXGroup section */
		39463B201CE3EB4C0085C657 = {
			isa = PBXGroup;
			children = (
				39463B2B1CE3EB4D0085C657 /* Favorite-Movies */,
				39463B2A1CE3EB4D0085C657 /* Products */,
			);
			sourceTree = "<group>";
		};
		39463B2A1CE3EB4D0085C657 /* Products */ = {
			isa = PBXGroup;
			children = (
				39463B291CE3EB4D0085C657 /* Favorite-Movies.app */,
			);
			name = Products;
			sourceTree = "<group>";
		};
		39463B2B1CE3EB4D0085C657 /* Favorite-Movies */ = {
			isa = PBXGroup;
			children = (
				398A0AD31CE428EC00417F97 /* Controller */,
				398A0AD21CE428D700417F97 /* View */,
				398A0AD11CE428A800417F97 /* Model */,
				39463B2C1CE3EB4D0085C657 /* AppDelegate.swift */,
				39463B361CE3EB4D0085C657 /* Assets.xcassets */,
				39463B3B1CE3EB4D0085C657 /* Info.plist */,
				39463B331CE3EB4D0085C657 /* Favorite_Movies.xcdatamodeld */,
			);
			path = "Favorite-Movies";
			sourceTree = "<group>";
		};
		398A0AD11CE428A800417F97 /* Model */ = {
			isa = PBXGroup;
			children = (
				398A0AD41CE42C4300417F97 /* Movie+CoreDataProperties.swift */,
				398A0AD51CE42C4300417F97 /* Movie.swift */,
				398A0ADA1CE42DC300417F97 /* MovieCell.swift */,
			);
			name = Model;
			sourceTree = "<group>";
		};
		398A0AD21CE428D700417F97 /* View */ = {
			isa = PBXGroup;
			children = (
				39463B301CE3EB4D0085C657 /* Main.storyboard */,
				39463B381CE3EB4D0085C657 /* LaunchScreen.storyboard */,
			);
			name = View;
			sourceTree = "<group>";
		};
		398A0AD31CE428EC00417F97 /* Controller */ = {
			isa = PBXGroup;
			children = (
				39463B2E1CE3EB4D0085C657 /* ViewController.swift */,
				398A0AD81CE42D1800417F97 /* AddMovieVC.swift */,
				39536C8A1CE6D23400C5D19B /* DisplayVC.swift */,
			);
			name = Controller;
			sourceTree = "<group>";
		};
/* End PBXGroup section */

/* Begin PBXNativeTarget section */
		39463B281CE3EB4C0085C657 /* Favorite-Movies */ = {
			isa = PBXNativeTarget;
			buildConfigurationList = 39463B3E1CE3EB4D0085C657 /* Build configuration list for PBXNativeTarget "Favorite-Movies" */;
			buildPhases = (
				39463B251CE3EB4C0085C657 /* Sources */,
				39463B261CE3EB4C0085C657 /* Frameworks */,
				39463B271CE3EB4C0085C657 /* Resources */,
			);
			buildRules = (
			);
			dependencies = (
			);
			name = "Favorite-Movies";
			productName = "Favorite-Movies";
			productReference = 39463B291CE3EB4D0085C657 /* Favorite-Movies.app */;
			productType = "com.apple.product-type.application";
		};
/* End PBXNativeTarget section */

/* Begin PBXProject section */
		39463B211CE3EB4C0085C657 /* Project object */ = {
			isa = PBXProject;
			attributes = {
				LastSwiftUpdateCheck = 0720;
				LastUpgradeCheck = 0720;
				ORGANIZATIONNAME = "Daniel Ray";
				TargetAttributes = {
					39463B281CE3EB4C0085C657 = {
						CreatedOnToolsVersion = 7.2.1;
					};
				};
			};
			buildConfigurationList = 39463B241CE3EB4C0085C657 /* Build configuration list for PBXProject "Favorite-Movies" */;
			compatibilityVersion = "Xcode 3.2";
			developmentRegion = English;
			hasScannedForEncodings = 0;
			knownRegions = (
				en,
				Base,
			);
			mainGroup = 39463B201CE3EB4C0085C657;
			productRefGroup = 39463B2A1CE3EB4D0085C657 /* Products */;
			projectDirPath = "";
			projectRoot = "";
			targets = (
				39463B281CE3EB4C0085C657 /* Favorite-Movies */,
			);
		};
/* End PBXProject section */

/* Begin PBXResourcesBuildPhase section */
		39463B271CE3EB4C0085C657 /* Resources */ = {
			isa = PBXResourcesBuildPhase;
			buildActionMask = 2147483647;
			files = (
				39463B3A1CE3EB4D0085C657 /* LaunchScreen.storyboard in Resources */,
				39463B371CE3EB4D0085C657 /* Assets.xcassets in Resources */,
				39463B321CE3EB4D0085C657 /* Main.storyboard in Resources */,
			);
			runOnlyForDeploymentPostprocessing = 0;
		};
/* End PBXResourcesBuildPhase section */

/* Begin PBXSourcesBuildPhase section */
		39463B251CE3EB4C0085C657 /* Sources */ = {
			isa = PBXSourcesBuildPhase;
			buildActionMask = 2147483647;
			files = (
				398A0ADB1CE42DC300417F97 /* MovieCell.swift in Sources */,
				39536C8B1CE6D23400C5D19B /* DisplayVC.swift in Sources */,
				398A0AD61CE42C4300417F97 /* Movie+CoreDataProperties.swift in Sources */,
				39463B351CE3EB4D0085C657 /* Favorite_Movies.xcdatamodeld in Sources */,
				39463B2F1CE3EB4D0085C657 /* ViewController.swift in Sources */,
				39463B2D1CE3EB4D0085C657 /* AppDelegate.swift in Sources */,
				398A0AD71CE42C4300417F97 /* Movie.swift in Sources */,
				398A0AD91CE42D1800417F97 /* AddMovieVC.swift in Sources */,
			);
			runOnlyForDeploymentPostprocessing = 0;
		};
/* End PBXSourcesBuildPhase section */

/* Begin PBXVariantGroup section */
		39463B301CE3EB4D0085C657 /* Main.storyboard */ = {
			isa = PBXVariantGroup;
			children = (
				39463B311CE3EB4D0085C657 /* Base */,
			);
			name = Main.storyboard;
			sourceTree = "<group>";
		};
		39463B381CE3EB4D0085C657 /* LaunchScreen.storyboard */ = {
			isa = PBXVariantGroup;
			children = (
				39463B391CE3EB4D0085C657 /* Base */,
			);
			name = LaunchScreen.storyboard;
			sourceTree = "<group>";
		};
/* End PBXVariantGroup section */

/* Begin XCBuildConfiguration section */
		39463B3C1CE3EB4D0085C657 /* Debug */ = {
			isa = XCBuildConfiguration;
			buildSettings = {
				ALWAYS_SEARCH_USER_PATHS = NO;
				CLANG_CXX_LANGUAGE_STANDARD = "gnu++0x";
				CLANG_CXX_LIBRARY = "libc++";
				CLANG_ENABLE_MODULES = YES;
				CLANG_ENABLE_OBJC_ARC = YES;
				CLANG_WARN_BOOL_CONVERSION = YES;
				CLANG_WARN_CONSTANT_CONVERSION = YES;
				CLANG_WARN_DIRECT_OBJC_ISA_USAGE = YES_ERROR;
				CLANG_WARN_EMPTY_BODY = YES;
				CLANG_WARN_ENUM_CONVERSION = YES;
				CLANG_WARN_INT_CONVERSION = YES;
				CLANG_WARN_OBJC_ROOT_CLASS = YES_ERROR;
				CLANG_WARN_UNREACHABLE_CODE = YES;
				CLANG_WARN__DUPLICATE_METHOD_MATCH = YES;
				"CODE_SIGN_IDENTITY[sdk=iphoneos*]" = "iPhone Developer";
				COPY_PHASE_STRIP = NO;
				DEBUG_INFORMATION_FORMAT = dwarf;
				ENABLE_STRICT_OBJC_MSGSEND = YES;
				ENABLE_TESTABILITY = YES;
				GCC_C_LANGUAGE_STANDARD = gnu99;
				GCC_DYNAMIC_NO_PIC = NO;
				GCC_NO_COMMON_BLOCKS = YES;
				GCC_OPTIMIZATION_LEVEL = 0;
				GCC_PREPROCESSOR_DEFINITIONS = (
					"DEBUG=1",
					"$(inherited)",
				);
				GCC_WARN_64_TO_32_BIT_CONVERSION = YES;
				GCC_WARN_ABOUT_RETURN_TYPE = YES_ERROR;
				GCC_WARN_UNDECLARED_SELECTOR = YES;
				GCC_WARN_UNINITIALIZED_AUTOS = YES_AGGRESSIVE;
				GCC_WARN_UNUSED_FUNCTION = YES;
				GCC_WARN_UNUSED_VARIABLE = YES;
				IPHONEOS_DEPLOYMENT_TARGET = 9.2;
				MTL_ENABLE_DEBUG_INFO = YES;
				ONLY_ACTIVE_ARCH = YES;
				SDKROOT = iphoneos;
				SWIFT_OPTIMIZATION_LEVEL = "-Onone";
			};
			name = Debug;
		};
		39463B3D1CE3EB4D0085C657 /* Release */ = {
			isa = XCBuildConfiguration;
			buildSettings = {
				ALWAYS_SEARCH_USER_PATHS = NO;
				CLANG_CXX_LANGUAGE_STANDARD = "gnu++0x";
				CLANG_CXX_LIBRARY = "libc++";
				CLANG_ENABLE_MODULES = YES;
				CLANG_ENABLE_OBJC_ARC = YES;
				CLANG_WARN_BOOL_CONVERSION = YES;
				CLANG_WARN_CONSTANT_CONVERSION = YES;
				CLANG_WARN_DIRECT_OBJC_ISA_USAGE = YES_ERROR;
				CLANG_WARN_EMPTY_BODY = YES;
				CLANG_WARN_ENUM_CONVERSION = YES;
				CLANG_WARN_INT_CONVERSION = YES;
				CLANG_WARN_OBJC_ROOT_CLASS = YES_ERROR;
				CLANG_WARN_UNREACHABLE_CODE = YES;
				CLANG_WARN__DUPLICATE_METHOD_MATCH = YES;
				"CODE_SIGN_IDENTITY[sdk=iphoneos*]" = "iPhone Developer";
				COPY_PHASE_STRIP = NO;
				DEBUG_INFORMATION_FORMAT = "dwarf-with-dsym";
				ENABLE_NS_ASSERTIONS = NO;
				ENABLE_STRICT_OBJC_MSGSEND = YES;
				GCC_C_LANGUAGE_STANDARD = gnu99;
				GCC_NO_COMMON_BLOCKS = YES;
				GCC_WARN_64_TO_32_BIT_CONVERSION = YES;
				GCC_WARN_ABOUT_RETURN_TYPE = YES_ERROR;
				GCC_WARN_UNDECLARED_SELECTOR = YES;
				GCC_WARN_UNINITIALIZED_AUTOS = YES_AGGRESSIVE;
				GCC_WARN_UNUSED_FUNCTION = YES;
				GCC_WARN_UNUSED_VARIABLE = YES;
				IPHONEOS_DEPLOYMENT_TARGET = 9.2;
				MTL_ENABLE_DEBUG_INFO = NO;
				SDKROOT = iphoneos;
				VALIDATE_PRODUCT = YES;
			};
			name = Release;
		};
		39463B3F1CE3EB4D0085C657 /* Debug */ = {
			isa = XCBuildConfiguration;
			buildSettings = {
				ASSETCATALOG_COMPILER_APPICON_NAME = AppIcon;
				INFOPLIST_FILE = "Favorite-Movies/Info.plist";
				LD_RUNPATH_SEARCH_PATHS = "$(inherited) @executable_path/Frameworks";
				PRODUCT_BUNDLE_IDENTIFIER = "com.DanielRay.Favorite-Movies";
				PRODUCT_NAME = "$(TARGET_NAME)";
				TARGETED_DEVICE_FAMILY = 1;
			};
			name = Debug;
		};
		39463B401CE3EB4D0085C657 /* Release */ = {
			isa = XCBuildConfiguration;
			buildSettings = {
				ASSETCATALOG_COMPILER_APPICON_NAME = AppIcon;
				INFOPLIST_FILE = "Favorite-Movies/Info.plist";
				LD_RUNPATH_SEARCH_PATHS = "$(inherited) @executable_path/Frameworks";
				PRODUCT_BUNDLE_IDENTIFIER = "com.DanielRay.Favorite-Movies";
				PRODUCT_NAME = "$(TARGET_NAME)";
				TARGETED_DEVICE_FAMILY = 1;
			};
			name = Release;
		};
/* End XCBuildConfiguration section */

/* Begin XCConfigurationList section */
		39463B241CE3EB4C0085C657 /* Build configuration list for PBXProject "Favorite-Movies" */ = {
			isa = XCConfigurationList;
			buildConfigurations = (
				39463B3C1CE3EB4D0085C657 /* Debug */,
				39463B3D1CE3EB4D0085C657 /* Release */,
			);
			defaultConfigurationIsVisible = 0;
			defaultConfigurationName = Release;
		};
		39463B3E1CE3EB4D0085C657 /* Build configuration list for PBXNativeTarget "Favorite-Movies" */ = {
			isa = XCConfigurationList;
			buildConfigurations = (
				39463B3F1CE3EB4D0085C657 /* Debug */,
				39463B401CE3EB4D0085C657 /* Release */,
			);
			defaultConfigurationIsVisible = 0;
			defaultConfigurationName = Release;
		};
/* End XCConfigurationList section */

/* Begin XCVersionGroup section */
		39463B331CE3EB4D0085C657 /* Favorite_Movies.xcdatamodeld */ = {
			isa = XCVersionGroup;
			children = (
				39463B341CE3EB4D0085C657 /* Favorite_Movies.xcdatamodel */,
			);
			currentVersion = 39463B341CE3EB4D0085C657 /* Favorite_Movies.xcdatamodel */;
			path = Favorite_Movies.xcdatamodeld;
			sourceTree = "<group>";
			versionGroupType = wrapper.xcdatamodel;
		};
/* End XCVersionGroup section */
	};
	rootObject = 39463B211CE3EB4C0085C657 /* Project object */;
}
